
Microsoft Visual Studio Solution File, Format Version 12.00
# Visual Studio Version 16
VisualStudioVersion = 16.0.29728.190
MinimumVisualStudioVersion = 10.0.40219.1
Project("{9A19103F-16F7-4668-BE54-9A1E7A4F7556}") = "CSharpTraining", "CSharpTraining\CSharpTraining.csproj", "{B2956ADD-A9D3-4061-B28F-A6793AE8CD23}"
EndProject
Project("{9A19103F-16F7-4668-BE54-9A1E7A4F7556}") = "suvarna", "suvarna\suvarna.csproj", "{A485AFE4-28C9-4B43-9C1E-E904F773CFDE}"
EndProject
Project("{9A19103F-16F7-4668-BE54-9A1E7A4F7556}") = "SampleTestProject", "SampleTestProject\SampleTestProject.csproj", "{DC721066-86A5-455D-AC95-6A38C9ABFA4C}"
EndProject
Project("{9A19103F-16F7-4668-BE54-9A1E7A4F7556}") = "Practicework", "Practicework\Practicework.csproj", "{AE1A4981-3AE0-40D6-80DC-EA99AFC2CBF6}"
EndProject
Project("{9A19103F-16F7-4668-BE54-9A1E7A4F7556}") = "Laxmi", "Laxmi\Laxmi.csproj", "{04A73B23-2F5D-4A1C-ADB6-924FEDD421ED}"
EndProject
Project("{2150E333-8FDC-42A3-9474-1A3956D46DE8}") = "Solution Items", "Solution Items", "{BDD5632E-7264-4159-B838-04D8CB7DACD7}"
	ProjectSection(SolutionItems) = preProject
		.editorconfig = .editorconfig
	EndProjectSection
EndProject
Global
	GlobalSection(SolutionConfigurationPlatforms) = preSolution
		Debug|Any CPU = Debug|Any CPU
		Release|Any CPU = Release|Any CPU
	EndGlobalSection
	GlobalSection(ProjectConfigurationPlatforms) = postSolution
		{B2956ADD-A9D3-4061-B28F-A6793AE8CD23}.Debug|Any CPU.ActiveCfg = Debug|Any CPU
		{B2956ADD-A9D3-4061-B28F-A6793AE8CD23}.Debug|Any CPU.Build.0 = Debug|Any CPU
		{B2956ADD-A9D3-4061-B28F-A6793AE8CD23}.Release|Any CPU.ActiveCfg = Release|Any CPU
		{B2956ADD-A9D3-4061-B28F-A6793AE8CD23}.Release|Any CPU.Build.0 = Release|Any CPU
		{A485AFE4-28C9-4B43-9C1E-E904F773CFDE}.Debug|Any CPU.ActiveCfg = Debug|Any CPU
		{A485AFE4-28C9-4B43-9C1E-E904F773CFDE}.Debug|Any CPU.Build.0 = Debug|Any CPU
		{A485AFE4-28C9-4B43-9C1E-E904F773CFDE}.Release|Any CPU.ActiveCfg = Release|Any CPU
		{A485AFE4-28C9-4B43-9C1E-E904F773CFDE}.Release|Any CPU.Build.0 = Release|Any CPU
		{DC721066-86A5-455D-AC95-6A38C9ABFA4C}.Debug|Any CPU.ActiveCfg = Debug|Any CPU
		{DC721066-86A5-455D-AC95-6A38C9ABFA4C}.Debug|Any CPU.Build.0 = Debug|Any CPU
		{DC721066-86A5-455D-AC95-6A38C9ABFA4C}.Release|Any CPU.ActiveCfg = Release|Any CPU
		{DC721066-86A5-455D-AC95-6A38C9ABFA4C}.Release|Any CPU.Build.0 = Release|Any CPU
		{AE1A4981-3AE0-40D6-80DC-EA99AFC2CBF6}.Debug|Any CPU.ActiveCfg = Debug|Any CPU
		{AE1A4981-3AE0-40D6-80DC-EA99AFC2CBF6}.Debug|Any CPU.Build.0 = Debug|Any CPU
		{AE1A4981-3AE0-40D6-80DC-EA99AFC2CBF6}.Release|Any CPU.ActiveCfg = Release|Any CPU
		{AE1A4981-3AE0-40D6-80DC-EA99AFC2CBF6}.Release|Any CPU.Build.0 = Release|Any CPU
		{04A73B23-2F5D-4A1C-ADB6-924FEDD421ED}.Debug|Any CPU.ActiveCfg = Debug|Any CPU
		{04A73B23-2F5D-4A1C-ADB6-924FEDD421ED}.Debug|Any CPU.Build.0 = Debug|Any CPU
		{04A73B23-2F5D-4A1C-ADB6-924FEDD421ED}.Release|Any CPU.ActiveCfg = Release|Any CPU
		{04A73B23-2F5D-4A1C-ADB6-924FEDD421ED}.Release|Any CPU.Build.0 = Release|Any CPU
	EndGlobalSection
	GlobalSection(SolutionProperties) = preSolution
		HideSolutionNode = FALSE
	EndGlobalSection
	GlobalSection(ExtensibilityGlobals) = postSolution
		SolutionGuid = {C1B67F28-EE70-419A-9CC0-7457E8F6454C}
	EndGlobalSection
EndGlobal
